
Microsoft Visual Studio Solution File, Format Version 12.00
# Visual Studio 15
VisualStudioVersion = 15.0.28010.2046
MinimumVisualStudioVersion = 10.0.40219.1
Project("{FAE04EC0-301F-11D3-BF4B-00C04F79EFBC}") = "CustomIdentityProviderExample", "CustomIdentityProviderExample\CustomIdentityProviderExample.csproj", "{4E1A4393-4C68-4BE3-9858-CAB98E281ED4}"
EndProject
Global
	GlobalSection(SolutionConfigurationPlatforms) = preSolution
		Debug|Any CPU = Debug|Any CPU
		Release|Any CPU = Release|Any CPU
	EndGlobalSection
	GlobalSection(ProjectConfigurationPlatforms) = postSolution
		{4E1A4393-4C68-4BE3-9858-CAB98E281ED4}.Debug|Any CPU.ActiveCfg = Debug|Any CPU
		{4E1A4393-4C68-4BE3-9858-CAB98E281ED4}.Debug|Any CPU.Build.0 = Debug|Any CPU
		{4E1A4393-4C68-4BE3-9858-CAB98E281ED4}.Release|Any CPU.ActiveCfg = Release|Any CPU
		{4E1A4393-4C68-4BE3-9858-CAB98E281ED4}.Release|Any CPU.Build.0 = Release|Any CPU
	EndGlobalSection
	GlobalSection(SolutionProperties) = preSolution
		HideSolutionNode = FALSE
	EndGlobalSection
	GlobalSection(ExtensibilityGlobals) = postSolution
		SolutionGuid = {CDB81CA2-0303-4222-95B2-6C93842B42C4}
	EndGlobalSection
EndGlobal
